
Microsoft Visual Studio Solution File, Format Version 12.00
# Visual Studio Version 17
VisualStudioVersion = 17.8.34511.84
MinimumVisualStudioVersion = 10.0.40219.1
Project("{9A19103F-16F7-4668-BE54-9A1E7A4F7556}") = "AOC2024", "AOC2024\AOC2024.csproj", "{05385C7D-5436-403A-B9CD-36726BC9DA8B}"
EndProject
Project("{9A19103F-16F7-4668-BE54-9A1E7A4F7556}") = "AOC.Day1.Puzzle1", "AOC.Day1.Puzzle1\AOC.Day1.Puzzle1.csproj", "{13EC8190-B4A9-4F98-AA8E-E570FD247829}"
EndProject
Project("{9A19103F-16F7-4668-BE54-9A1E7A4F7556}") = "AOC.Day1.Puzzle2", "AOC.Day1.Puzzle2\AOC.Day1.Puzzle2.csproj", "{6A45C729-F138-43C1-AB08-6FB251550384}"
EndProject
Project("{9A19103F-16F7-4668-BE54-9A1E7A4F7556}") = "AOC.Day2.Puzzle1", "AOC.Day2.Puzzle1\AOC.Day2.Puzzle1.csproj", "{8A5200FD-1AC3-4209-B33F-5B45F89AA0B1}"
EndProject
Project("{2150E333-8FDC-42A3-9474-1A3956D46DE8}") = "Day1", "Day1", "{45BDC7C4-1651-4416-A635-EBD41CEC71D9}"
EndProject
Project("{2150E333-8FDC-42A3-9474-1A3956D46DE8}") = "Day2", "Day2", "{09E2D102-7D16-429D-91D1-D669AA42F5BE}"
EndProject
Project("{9A19103F-16F7-4668-BE54-9A1E7A4F7556}") = "AOC.Day2.Puzzle2", "AOC.Day2.Puzzle2\AOC.Day2.Puzzle2.csproj", "{B3B7789B-47DB-4998-A1BB-156C9F5310A8}"
EndProject
Project("{9A19103F-16F7-4668-BE54-9A1E7A4F7556}") = "AOC.Day3.Puzzle1", "AOC.Day3.Puzzle1\AOC.Day3.Puzzle1.csproj", "{DEBFCB7E-314B-4661-BF27-F71AC56CAC38}"
EndProject
Project("{9A19103F-16F7-4668-BE54-9A1E7A4F7556}") = "AOC.Day3.Puzzle2", "AOC.Day3.Puzzle2\AOC.Day3.Puzzle2.csproj", "{8D81BB93-EE11-4586-BC56-1A8BFA119368}"
EndProject
Project("{2150E333-8FDC-42A3-9474-1A3956D46DE8}") = "Day3", "Day3", "{BDE69F1B-C25F-45EE-B1FA-9EBE7D4D83FF}"
EndProject
Project("{9A19103F-16F7-4668-BE54-9A1E7A4F7556}") = "AOC.Day4.Puzzle1", "AOC.Day4.Puzzle1\AOC.Day4.Puzzle1.csproj", "{E2C2EB9F-A95B-4F9B-B856-9E893FE99188}"
EndProject
Project("{9A19103F-16F7-4668-BE54-9A1E7A4F7556}") = "AOC.Day4.Puzzle2", "AOC.Day4.Puzzle2\AOC.Day4.Puzzle2.csproj", "{D1FC320E-A17C-4A03-8A67-0AE3969A67F1}"
EndProject
Project("{2150E333-8FDC-42A3-9474-1A3956D46DE8}") = "Day4", "Day4", "{0252549B-566C-4DBA-8E87-2154C0FB60B4}"
EndProject
Project("{2150E333-8FDC-42A3-9474-1A3956D46DE8}") = "Day5", "Day5", "{9919BA19-6BF0-4027-A2E5-754833A77BBF}"
EndProject
Project("{9A19103F-16F7-4668-BE54-9A1E7A4F7556}") = "AOC.Day5.Puzzle1", "AOC.Day5.Puzzle1\AOC.Day5.Puzzle1.csproj", "{EA433AD5-CDA2-4F1A-9DB1-969761FDBE3A}"
EndProject
Project("{9A19103F-16F7-4668-BE54-9A1E7A4F7556}") = "AOC.Day5.Puzzle2", "AOC.Day5.Puzzle2\AOC.Day5.Puzzle2.csproj", "{DE72A4D8-6BF8-4965-8498-6AFC0589B394}"
EndProject
Global
	GlobalSection(SolutionConfigurationPlatforms) = preSolution
		Debug|Any CPU = Debug|Any CPU
		Release|Any CPU = Release|Any CPU
	EndGlobalSection
	GlobalSection(ProjectConfigurationPlatforms) = postSolution
		{05385C7D-5436-403A-B9CD-36726BC9DA8B}.Debug|Any CPU.ActiveCfg = Debug|Any CPU
		{05385C7D-5436-403A-B9CD-36726BC9DA8B}.Debug|Any CPU.Build.0 = Debug|Any CPU
		{05385C7D-5436-403A-B9CD-36726BC9DA8B}.Release|Any CPU.ActiveCfg = Release|Any CPU
		{05385C7D-5436-403A-B9CD-36726BC9DA8B}.Release|Any CPU.Build.0 = Release|Any CPU
		{13EC8190-B4A9-4F98-AA8E-E570FD247829}.Debug|Any CPU.ActiveCfg = Debug|Any CPU
		{13EC8190-B4A9-4F98-AA8E-E570FD247829}.Debug|Any CPU.Build.0 = Debug|Any CPU
		{13EC8190-B4A9-4F98-AA8E-E570FD247829}.Release|Any CPU.ActiveCfg = Release|Any CPU
		{13EC8190-B4A9-4F98-AA8E-E570FD247829}.Release|Any CPU.Build.0 = Release|Any CPU
		{6A45C729-F138-43C1-AB08-6FB251550384}.Debug|Any CPU.ActiveCfg = Debug|Any CPU
		{6A45C729-F138-43C1-AB08-6FB251550384}.Debug|Any CPU.Build.0 = Debug|Any CPU
		{6A45C729-F138-43C1-AB08-6FB251550384}.Release|Any CPU.ActiveCfg = Release|Any CPU
		{6A45C729-F138-43C1-AB08-6FB251550384}.Release|Any CPU.Build.0 = Release|Any CPU
		{8A5200FD-1AC3-4209-B33F-5B45F89AA0B1}.Debug|Any CPU.ActiveCfg = Debug|Any CPU
		{8A5200FD-1AC3-4209-B33F-5B45F89AA0B1}.Debug|Any CPU.Build.0 = Debug|Any CPU
		{8A5200FD-1AC3-4209-B33F-5B45F89AA0B1}.Release|Any CPU.ActiveCfg = Release|Any CPU
		{8A5200FD-1AC3-4209-B33F-5B45F89AA0B1}.Release|Any CPU.Build.0 = Release|Any CPU
		{B3B7789B-47DB-4998-A1BB-156C9F5310A8}.Debug|Any CPU.ActiveCfg = Debug|Any CPU
		{B3B7789B-47DB-4998-A1BB-156C9F5310A8}.Debug|Any CPU.Build.0 = Debug|Any CPU
		{B3B7789B-47DB-4998-A1BB-156C9F5310A8}.Release|Any CPU.ActiveCfg = Release|Any CPU
		{B3B7789B-47DB-4998-A1BB-156C9F5310A8}.Release|Any CPU.Build.0 = Release|Any CPU
		{DEBFCB7E-314B-4661-BF27-F71AC56CAC38}.Debug|Any CPU.ActiveCfg = Debug|Any CPU
		{DEBFCB7E-314B-4661-BF27-F71AC56CAC38}.Debug|Any CPU.Build.0 = Debug|Any CPU
		{DEBFCB7E-314B-4661-BF27-F71AC56CAC38}.Release|Any CPU.ActiveCfg = Release|Any CPU
		{DEBFCB7E-314B-4661-BF27-F71AC56CAC38}.Release|Any CPU.Build.0 = Release|Any CPU
		{8D81BB93-EE11-4586-BC56-1A8BFA119368}.Debug|Any CPU.ActiveCfg = Debug|Any CPU
		{8D81BB93-EE11-4586-BC56-1A8BFA119368}.Debug|Any CPU.Build.0 = Debug|Any CPU
		{8D81BB93-EE11-4586-BC56-1A8BFA119368}.Release|Any CPU.ActiveCfg = Release|Any CPU
		{8D81BB93-EE11-4586-BC56-1A8BFA119368}.Release|Any CPU.Build.0 = Release|Any CPU
		{E2C2EB9F-A95B-4F9B-B856-9E893FE99188}.Debug|Any CPU.ActiveCfg = Debug|Any CPU
		{E2C2EB9F-A95B-4F9B-B856-9E893FE99188}.Debug|Any CPU.Build.0 = Debug|Any CPU
		{E2C2EB9F-A95B-4F9B-B856-9E893FE99188}.Release|Any CPU.ActiveCfg = Release|Any CPU
		{E2C2EB9F-A95B-4F9B-B856-9E893FE99188}.Release|Any CPU.Build.0 = Release|Any CPU
		{D1FC320E-A17C-4A03-8A67-0AE3969A67F1}.Debug|Any CPU.ActiveCfg = Debug|Any CPU
		{D1FC320E-A17C-4A03-8A67-0AE3969A67F1}.Debug|Any CPU.Build.0 = Debug|Any CPU
		{D1FC320E-A17C-4A03-8A67-0AE3969A67F1}.Release|Any CPU.ActiveCfg = Release|Any CPU
		{D1FC320E-A17C-4A03-8A67-0AE3969A67F1}.Release|Any CPU.Build.0 = Release|Any CPU
		{EA433AD5-CDA2-4F1A-9DB1-969761FDBE3A}.Debug|Any CPU.ActiveCfg = Debug|Any CPU
		{EA433AD5-CDA2-4F1A-9DB1-969761FDBE3A}.Debug|Any CPU.Build.0 = Debug|Any CPU
		{EA433AD5-CDA2-4F1A-9DB1-969761FDBE3A}.Release|Any CPU.ActiveCfg = Release|Any CPU
		{EA433AD5-CDA2-4F1A-9DB1-969761FDBE3A}.Release|Any CPU.Build.0 = Release|Any CPU
		{DE72A4D8-6BF8-4965-8498-6AFC0589B394}.Debug|Any CPU.ActiveCfg = Debug|Any CPU
		{DE72A4D8-6BF8-4965-8498-6AFC0589B394}.Debug|Any CPU.Build.0 = Debug|Any CPU
		{DE72A4D8-6BF8-4965-8498-6AFC0589B394}.Release|Any CPU.ActiveCfg = Release|Any CPU
		{DE72A4D8-6BF8-4965-8498-6AFC0589B394}.Release|Any CPU.Build.0 = Release|Any CPU
	EndGlobalSection
	GlobalSection(SolutionProperties) = preSolution
		HideSolutionNode = FALSE
	EndGlobalSection
	GlobalSection(NestedProjects) = preSolution
		{13EC8190-B4A9-4F98-AA8E-E570FD247829} = {45BDC7C4-1651-4416-A635-EBD41CEC71D9}
		{6A45C729-F138-43C1-AB08-6FB251550384} = {45BDC7C4-1651-4416-A635-EBD41CEC71D9}
		{8A5200FD-1AC3-4209-B33F-5B45F89AA0B1} = {09E2D102-7D16-429D-91D1-D669AA42F5BE}
		{B3B7789B-47DB-4998-A1BB-156C9F5310A8} = {09E2D102-7D16-429D-91D1-D669AA42F5BE}
		{DEBFCB7E-314B-4661-BF27-F71AC56CAC38} = {BDE69F1B-C25F-45EE-B1FA-9EBE7D4D83FF}
		{8D81BB93-EE11-4586-BC56-1A8BFA119368} = {BDE69F1B-C25F-45EE-B1FA-9EBE7D4D83FF}
		{E2C2EB9F-A95B-4F9B-B856-9E893FE99188} = {0252549B-566C-4DBA-8E87-2154C0FB60B4}
		{D1FC320E-A17C-4A03-8A67-0AE3969A67F1} = {0252549B-566C-4DBA-8E87-2154C0FB60B4}
	EndGlobalSection
	GlobalSection(ExtensibilityGlobals) = postSolution
		SolutionGuid = {66D72D3F-B892-4E61-9F67-F16A7E80F661}
	EndGlobalSection
EndGlobal
